# This file was autogenerated by Stack.
# You should not edit this file by hand.
# For more information, please see the documentation at:
#   https://docs.haskellstack.org/en/stable/lock_files

packages:
- completed:
    name: PLPrinter
    version: 0.3.0.0
    git: https://github.com/syallop/PLPrinter
    pantry-tree:
      size: 420
      sha256: 7d8466c68503d273d1e72dddaee0ff9b587d70cd11b8196415bbd3a5dcf5f93d
    commit: 29c1fc4fe5f33086bed4855e016aa56aa80264af
  original:
    git: https://github.com/syallop/PLPrinter
    commit: 29c1fc4fe5f33086bed4855e016aa56aa80264af
- completed:
    name: PLLabel
    version: 0.1.0.0
    git: https://github.com/syallop/PLLabel
    pantry-tree:
      size: 252
      sha256: f6d3bf5ddd02e8a0408b9773cc1d98845a9e230583ee650a0b46e36a94ae730a
    commit: a95807e7d6e3b4a22b15bac1f9791bea212ef00d
  original:
    git: https://github.com/syallop/PLLabel
    commit: a95807e7d6e3b4a22b15bac1f9791bea212ef00d
- completed:
    name: Reversible
    version: 0.1.0.0
    git: https://github.com/syallop/Reversible
    pantry-tree:
      size: 361
      sha256: 2378bf7bb114b675420f6853a0dbe37ad85d00385aca1caef6ea30abd3fb3d73
    commit: 84188a89af962716dc0534d552da715305cb0cf5
  original:
    git: https://github.com/syallop/Reversible
    commit: 84188a89af962716dc0534d552da715305cb0cf5
- completed:
    name: DSL-Compose
    version: 0.5.0.0
    git: https://github.com/syallop/DSL-Compose
    pantry-tree:
      size: 884
      sha256: 14fa38b8526550df16431834dcf4cce5f61ca37326c7e4d201ad6a73e32b2f43
    commit: 5a95ae855f3291aa3193a7424892035226b10d2f
  original:
    git: https://github.com/syallop/DSL-Compose
    commit: 5a95ae855f3291aa3193a7424892035226b10d2f
snapshots:
- completed:
    size: 565720
    url: https://raw.githubusercontent.com/commercialhaskell/stackage-snapshots/master/lts/17/8.yaml
    sha256: 76bf8992ff8dfe6eda9c02f81866138c2369344d5011ab39ae403457c4448b03
  original: lts-17.8
